
Microsoft Visual Studio Solution File, Format Version 12.00
# Visual Studio 15
VisualStudioVersion = 15.0.28010.2026
MinimumVisualStudioVersion = 10.0.40219.1
Project("{FAE04EC0-301F-11D3-BF4B-00C04F79EFBC}") = "CoffeeMachine", "CoffeeMachine\CoffeeMachine.csproj", "{BCBF3C45-49DC-4734-AC8A-BC782FEE0739}"
EndProject
Global
	GlobalSection(SolutionConfigurationPlatforms) = preSolution
		Debug|Any CPU = Debug|Any CPU
		Release|Any CPU = Release|Any CPU
	EndGlobalSection
	GlobalSection(ProjectConfigurationPlatforms) = postSolution
		{BCBF3C45-49DC-4734-AC8A-BC782FEE0739}.Debug|Any CPU.ActiveCfg = Debug|Any CPU
		{BCBF3C45-49DC-4734-AC8A-BC782FEE0739}.Debug|Any CPU.Build.0 = Debug|Any CPU
		{BCBF3C45-49DC-4734-AC8A-BC782FEE0739}.Release|Any CPU.ActiveCfg = Release|Any CPU
		{BCBF3C45-49DC-4734-AC8A-BC782FEE0739}.Release|Any CPU.Build.0 = Release|Any CPU
	EndGlobalSection
	GlobalSection(SolutionProperties) = preSolution
		HideSolutionNode = FALSE
	EndGlobalSection
	GlobalSection(ExtensibilityGlobals) = postSolution
		SolutionGuid = {CF344C74-D67E-4CC9-8D00-37D90FAD347D}
	EndGlobalSection
EndGlobal
